{
  "version": 4,
  "terraform_version": "0.12.28",
  "serial": 75,
  "lineage": "90d46c38-f25c-ba9a-ad1a-5a59ffa5036e",
  "outputs": {},
  "resources": [
    {
      "mode": "managed",
      "type": "aws_eip",
      "name": "ec2_pip",
      "provider": "provider.aws",
      "instances": [
        {
          "schema_version": 0,
          "attributes": {
            "allocation_id": null,
            "associate_with_private_ip": "10.0.0.7",
            "association_id": "eipassoc-055f3cf6dc49c3ad5",
            "customer_owned_ip": "",
            "customer_owned_ipv4_pool": "",
            "domain": "vpc",
            "id": "eipalloc-0f09420ae721909e9",
            "instance": "i-07d698c31925a34b3",
            "network_interface": "eni-081d674c3db292b25",
            "private_dns": "ip-10-0-0-7.ec2.internal",
            "private_ip": "10.0.0.7",
            "public_dns": "ec2-3-208-110-86.compute-1.amazonaws.com",
            "public_ip": "3.208.110.86",
            "public_ipv4_pool": "amazon",
            "tags": null,
            "timeouts": null,
            "vpc": true
          },
          "private": "eyJlMmJmYjczMC1lY2FhLTExZTYtOGY4OC0zNDM2M2JjN2M0YzAiOnsiZGVsZXRlIjoxODAwMDAwMDAwMDAsInJlYWQiOjkwMDAwMDAwMDAwMCwidXBkYXRlIjozMDAwMDAwMDAwMDB9fQ==",
          "dependencies": [
            "aws_instance.stack-ec2-public",
            "aws_internet_gateway.stackigw",
            "aws_key_pair.public-ec2-key",
            "aws_network_interface.my_network_interface_public",
            "aws_security_group.nat",
            "aws_subnet.stack-public-subnet",
            "aws_vpc.stackvpc"
          ]
        }
      ]
    },
    {
      "mode": "managed",
      "type": "aws_eip",
      "name": "nat",
      "provider": "provider.aws",
      "instances": [
        {
          "schema_version": 0,
          "attributes": {
            "allocation_id": null,
            "associate_with_private_ip": null,
            "association_id": "eipassoc-08343278082d637e9",
            "customer_owned_ip": "",
            "customer_owned_ipv4_pool": "",
            "domain": "vpc",
            "id": "eipalloc-0f54df803d1a62c77",
            "instance": "i-0e390a13bd95afd17",
            "network_interface": "eni-0b72c47c9d5778730",
            "private_dns": "ip-10-0-0-109.ec2.internal",
            "private_ip": "10.0.0.109",
            "public_dns": "ec2-54-237-97-106.compute-1.amazonaws.com",
            "public_ip": "54.237.97.106",
            "public_ipv4_pool": "amazon",
            "tags": null,
            "timeouts": null,
            "vpc": true
          },
          "private": "eyJlMmJmYjczMC1lY2FhLTExZTYtOGY4OC0zNDM2M2JjN2M0YzAiOnsiZGVsZXRlIjoxODAwMDAwMDAwMDAsInJlYWQiOjkwMDAwMDAwMDAwMCwidXBkYXRlIjozMDAwMDAwMDAwMDB9fQ==",
          "dependencies": [
            "aws_instance.nat",
            "aws_key_pair.public-ec2-key",
            "aws_security_group.nat",
            "aws_subnet.stack-public-subnet",
            "aws_vpc.stackvpc"
          ]
        }
      ]
    },
    {
      "mode": "managed",
      "type": "aws_instance",
      "name": "nat",
      "provider": "provider.aws",
      "instances": [
        {
          "schema_version": 1,
          "attributes": {
            "ami": "ami-0ff8a91507f77f867",
            "arn": "arn:aws:ec2:us-east-1:449143996953:instance/i-0e390a13bd95afd17",
            "associate_public_ip_address": true,
            "availability_zone": "us-east-1d",
            "cpu_core_count": 1,
            "cpu_threads_per_core": 1,
            "credit_specification": [],
            "disable_api_termination": false,
            "ebs_block_device": [],
            "ebs_optimized": false,
            "ephemeral_block_device": [],
            "get_password_data": false,
            "hibernation": false,
            "host_id": null,
            "iam_instance_profile": "",
            "id": "i-0e390a13bd95afd17",
            "instance_initiated_shutdown_behavior": null,
            "instance_state": "running",
            "instance_type": "m1.small",
            "ipv6_address_count": 0,
            "ipv6_addresses": [],
            "key_name": "public-key",
            "metadata_options": [
              {
                "http_endpoint": "enabled",
                "http_put_response_hop_limit": 1,
                "http_tokens": "optional"
              }
            ],
            "monitoring": false,
            "network_interface": [],
            "outpost_arn": "",
            "password_data": "",
            "placement_group": "",
            "primary_network_interface_id": "eni-0b72c47c9d5778730",
            "private_dns": "ip-10-0-0-109.ec2.internal",
            "private_ip": "10.0.0.109",
            "public_dns": "ec2-34-239-102-245.compute-1.amazonaws.com",
            "public_ip": "34.239.102.245",
            "root_block_device": [
              {
                "delete_on_termination": true,
                "device_name": "/dev/xvda",
                "encrypted": false,
                "iops": 100,
                "kms_key_id": "",
                "volume_id": "vol-082e08da2c8097ff9",
                "volume_size": 8,
                "volume_type": "gp2"
              }
            ],
            "secondary_private_ips": [],
            "security_groups": [],
            "source_dest_check": false,
            "subnet_id": "subnet-0ea9abe789ba39a73",
            "tags": {
              "Name": "VPC NAT"
            },
            "tenancy": "default",
            "timeouts": null,
            "user_data": null,
            "user_data_base64": null,
            "volume_tags": {},
            "vpc_security_group_ids": [
              "sg-017c33fd7bf8d53e3"
            ]
          },
          "private": "eyJlMmJmYjczMC1lY2FhLTExZTYtOGY4OC0zNDM2M2JjN2M0YzAiOnsiY3JlYXRlIjo2MDAwMDAwMDAwMDAsImRlbGV0ZSI6MTIwMDAwMDAwMDAwMCwidXBkYXRlIjo2MDAwMDAwMDAwMDB9LCJzY2hlbWFfdmVyc2lvbiI6IjEifQ==",
          "dependencies": [
            "aws_key_pair.public-ec2-key",
            "aws_security_group.nat",
            "aws_subnet.stack-public-subnet",
            "aws_vpc.stackvpc"
          ]
        }
      ]
    },
    {
      "mode": "managed",
      "type": "aws_instance",
      "name": "stack-ec2-private",
      "provider": "provider.aws",
      "instances": [
        {
          "schema_version": 1,
          "attributes": {
            "ami": "ami-0c94855ba95c71c99",
            "arn": "arn:aws:ec2:us-east-1:449143996953:instance/i-04a6cd4abda6f3f04",
            "associate_public_ip_address": false,
            "availability_zone": "us-east-1c",
            "cpu_core_count": 1,
            "cpu_threads_per_core": 1,
            "credit_specification": [
              {
                "cpu_credits": "unlimited"
              }
            ],
            "disable_api_termination": false,
            "ebs_block_device": [],
            "ebs_optimized": false,
            "ephemeral_block_device": [],
            "get_password_data": false,
            "hibernation": false,
            "host_id": null,
            "iam_instance_profile": "",
            "id": "i-04a6cd4abda6f3f04",
            "instance_initiated_shutdown_behavior": null,
            "instance_state": "running",
            "instance_type": "t2.micro",
            "ipv6_address_count": 0,
            "ipv6_addresses": [],
            "key_name": "private-key",
            "metadata_options": [
              {
                "http_endpoint": "enabled",
                "http_put_response_hop_limit": 1,
                "http_tokens": "optional"
              }
            ],
            "monitoring": false,
            "network_interface": [
              {
                "delete_on_termination": false,
                "device_index": 0,
                "network_interface_id": "eni-078ebecf5de1f41dd"
              }
            ],
            "outpost_arn": "",
            "password_data": "",
            "placement_group": "",
            "primary_network_interface_id": "eni-078ebecf5de1f41dd",
            "private_dns": "ip-10-0-1-8.ec2.internal",
            "private_ip": "10.0.1.8",
            "public_dns": "",
            "public_ip": "",
            "root_block_device": [
              {
                "delete_on_termination": true,
                "device_name": "/dev/xvda",
                "encrypted": false,
                "iops": 100,
                "kms_key_id": "",
                "volume_id": "vol-076f4fcd63b24ff70",
                "volume_size": 8,
                "volume_type": "gp2"
              }
            ],
            "secondary_private_ips": [],
            "security_groups": [],
            "source_dest_check": true,
            "subnet_id": "subnet-03fa9c5107dd0d688",
            "tags": null,
            "tenancy": "default",
            "timeouts": null,
            "user_data": "e0ec3b3f6a9e1222c541e86a729e219d941e6bf2",
            "user_data_base64": null,
            "volume_tags": {},
            "vpc_security_group_ids": [
              "sg-017c33fd7bf8d53e3"
            ]
          },
          "private": "eyJlMmJmYjczMC1lY2FhLTExZTYtOGY4OC0zNDM2M2JjN2M0YzAiOnsiY3JlYXRlIjo2MDAwMDAwMDAwMDAsImRlbGV0ZSI6MTIwMDAwMDAwMDAwMCwidXBkYXRlIjo2MDAwMDAwMDAwMDB9LCJzY2hlbWFfdmVyc2lvbiI6IjEifQ==",
          "dependencies": [
            "aws_key_pair.private-ec2-key",
            "aws_network_interface.my_network_interface_private",
            "aws_security_group.nat",
            "aws_subnet.stack-private-subnet",
            "aws_vpc.stackvpc"
          ]
        }
      ]
    },
    {
      "mode": "managed",
      "type": "aws_instance",
      "name": "stack-ec2-public",
      "provider": "provider.aws",
      "instances": [
        {
          "schema_version": 1,
          "attributes": {
            "ami": "ami-0c94855ba95c71c99",
            "arn": "arn:aws:ec2:us-east-1:449143996953:instance/i-07d698c31925a34b3",
            "associate_public_ip_address": false,
            "availability_zone": "us-east-1d",
            "cpu_core_count": 1,
            "cpu_threads_per_core": 1,
            "credit_specification": [
              {
                "cpu_credits": "unlimited"
              }
            ],
            "disable_api_termination": false,
            "ebs_block_device": [],
            "ebs_optimized": false,
            "ephemeral_block_device": [],
            "get_password_data": false,
            "hibernation": false,
            "host_id": null,
            "iam_instance_profile": "",
            "id": "i-07d698c31925a34b3",
            "instance_initiated_shutdown_behavior": null,
            "instance_state": "running",
            "instance_type": "t2.micro",
            "ipv6_address_count": 0,
            "ipv6_addresses": [],
            "key_name": "public-key",
            "metadata_options": [
              {
                "http_endpoint": "enabled",
                "http_put_response_hop_limit": 1,
                "http_tokens": "optional"
              }
            ],
            "monitoring": false,
            "network_interface": [
              {
                "delete_on_termination": false,
                "device_index": 0,
                "network_interface_id": "eni-081d674c3db292b25"
              }
            ],
            "outpost_arn": "",
            "password_data": "",
            "placement_group": "",
            "primary_network_interface_id": "eni-081d674c3db292b25",
            "private_dns": "ip-10-0-0-7.ec2.internal",
            "private_ip": "10.0.0.7",
            "public_dns": "",
            "public_ip": "",
            "root_block_device": [
              {
                "delete_on_termination": true,
                "device_name": "/dev/xvda",
                "encrypted": false,
                "iops": 100,
                "kms_key_id": "",
                "volume_id": "vol-0de1fe717d35a562f",
                "volume_size": 8,
                "volume_type": "gp2"
              }
            ],
            "secondary_private_ips": [],
            "security_groups": [],
            "source_dest_check": true,
            "subnet_id": "subnet-0ea9abe789ba39a73",
            "tags": null,
            "tenancy": "default",
            "timeouts": null,
            "user_data": "ee1ff999e7fe55635a5673038a6e7ddec5fe634d",
            "user_data_base64": null,
            "volume_tags": {},
            "vpc_security_group_ids": [
              "sg-017c33fd7bf8d53e3"
            ]
          },
          "private": "eyJlMmJmYjczMC1lY2FhLTExZTYtOGY4OC0zNDM2M2JjN2M0YzAiOnsiY3JlYXRlIjo2MDAwMDAwMDAwMDAsImRlbGV0ZSI6MTIwMDAwMDAwMDAwMCwidXBkYXRlIjo2MDAwMDAwMDAwMDB9LCJzY2hlbWFfdmVyc2lvbiI6IjEifQ==",
          "dependencies": [
            "aws_key_pair.public-ec2-key",
            "aws_network_interface.my_network_interface_public",
            "aws_security_group.nat",
            "aws_subnet.stack-public-subnet",
            "aws_vpc.stackvpc"
          ]
        }
      ]
    },
    {
      "mode": "managed",
      "type": "aws_internet_gateway",
      "name": "stackigw",
      "provider": "provider.aws",
      "instances": [
        {
          "schema_version": 0,
          "attributes": {
            "arn": "arn:aws:ec2:us-east-1:449143996953:internet-gateway/igw-0923ae284ec6bc2cc",
            "id": "igw-0923ae284ec6bc2cc",
            "owner_id": "449143996953",
            "tags": null,
            "vpc_id": "vpc-05a8e1592b88acae4"
          },
          "private": "bnVsbA==",
          "dependencies": [
            "aws_vpc.stackvpc"
          ]
        }
      ]
    },
    {
      "mode": "managed",
      "type": "aws_key_pair",
      "name": "private-ec2-key",
      "provider": "provider.aws",
      "instances": [
        {
          "schema_version": 1,
          "attributes": {
            "arn": "arn:aws:ec2:us-east-1:449143996953:key-pair/private-key",
            "fingerprint": "6d:46:1e:2a:1a:76:9c:e3:1a:c1:d5:4b:78:69:ce:27",
            "id": "private-key",
            "key_name": "private-key",
            "key_name_prefix": null,
            "key_pair_id": "key-041cc298fd590ec94",
            "public_key": "ssh-rsa AAAAB3NzaC1yc2EAAAADAQABAAABgQDSO/4Er+SXuNW7nv/iLMj4J5R1lJBVk9Udsiq9HAMuwbYovpUOPFyr854S+8EUT4vrD+2t9nvavhlqXY9oJUqUsShuOcU8A+W7CQMsj3VmnSMxUMPcFFy7d95PObIvpzT9ueB6OwEqCbwRrF6FyGablfjfOZqJEYtHwACHjouqj8Ge9aDVcIwOyEq3Ts2IK8/ZtBPQ2eyL9E2SsFOYI3K6gyofc2pVbG79xJN1GEsosVwIcWe8ncIaHSblj71nJyFOFnZFXFkHJRA7CarBuQ3ZMw33Vi7NVEylSKrJOd7anylt7xsgILsZfZFT4ZMVbA9hOL5VcQKiGN91Ae+eUZuP7qe59+it8RnkY9DCbW8ao2SbCv13e2/ppa7yqUA0y4rybMII3V/N3H3Ul3/OEeGdaplKaaMVLD+u9xxEE8a2voKs0gVPM3htI3wpLStcVxAv9CCjQmnb0waaT4S414glvwKHiCpNDoak44CoFKOt5mmHlKBcRdSCTiLddreV5ik= dessy@DESSYGOLD-PC",
            "tags": null
          },
          "private": "eyJzY2hlbWFfdmVyc2lvbiI6IjEifQ=="
        }
      ]
    },
    {
      "mode": "managed",
      "type": "aws_key_pair",
      "name": "public-ec2-key",
      "provider": "provider.aws",
      "instances": [
        {
          "schema_version": 1,
          "attributes": {
            "arn": "arn:aws:ec2:us-east-1:449143996953:key-pair/public-key",
            "fingerprint": "f5:e4:98:85:d4:d6:07:b1:41:39:2d:e6:e5:fd:ab:0e",
            "id": "public-key",
            "key_name": "public-key",
            "key_name_prefix": null,
            "key_pair_id": "key-06b4d46ea3e41d920",
            "public_key": "ssh-rsa AAAAB3NzaC1yc2EAAAADAQABAAABgQCewJmW9daYQoybLwdy5caSTxxmFOx0IJg5DLJvb5fUf/KEgOgqp3vJATGOjIPUp/aVj5dHjPsFJMXhAC1FanmJgtOCILdvtmfRAcI+qBaq9W5VHhwFyaJ1t9cPCAVx+E/WLcTh049Tf9gc4ceSBgSQKGajrWb36ojphBd8Gx2K5vAKclI0WTGyQR+3CvRxjAfysYObICytETxokqaj/Sy0npgCOnBmRVDeHiOE1EpbWwJY8U2gFLYOW+s4qYJcyTabe3WLi1rJqMRIpXEwZ20Ef1wUle0k9vlYXJjK1grSVDXcTvjjQiyeZOCir0uXX8JLjwRW+eHBQlds/hskPfS/PZA/RerZoYHWOB26Mp4qmE0gBMs8SBhyjEA5FdeAMqDxQjne2VMmxukDF21YlK2zD1VziAAViypW2Tsgb7lSUiLog1YzAlpg2hXeVppMyYzFjnDIh5dZLm3FaC+JZv2XsD4DwtS8CGj6kFztZb6SaPvHM6Hojocsd/6slSgZR3c= dessy@DESSYGOLD-PC",
            "tags": null
          },
          "private": "eyJzY2hlbWFfdmVyc2lvbiI6IjEifQ=="
        }
      ]
    },
    {
      "mode": "managed",
      "type": "aws_network_interface",
      "name": "my_network_interface_private",
      "provider": "provider.aws",
      "instances": [
        {
          "schema_version": 0,
          "attributes": {
            "attachment": [],
            "description": "",
            "id": "eni-078ebecf5de1f41dd",
            "mac_address": "02:1f:11:67:51:d1",
            "outpost_arn": "",
            "private_dns_name": "ip-10-0-1-8.ec2.internal",
            "private_ip": "10.0.1.8",
            "private_ips": [
              "10.0.1.8"
            ],
            "private_ips_count": 0,
            "security_groups": [
              "sg-017c33fd7bf8d53e3"
            ],
            "source_dest_check": true,
            "subnet_id": "subnet-03fa9c5107dd0d688",
            "tags": {
              "Name": "STACK-EC2-PUBLIC"
            }
          },
          "private": "bnVsbA==",
          "dependencies": [
            "aws_security_group.nat",
            "aws_subnet.stack-private-subnet",
            "aws_vpc.stackvpc"
          ]
        }
      ]
    },
    {
      "mode": "managed",
      "type": "aws_network_interface",
      "name": "my_network_interface_public",
      "provider": "provider.aws",
      "instances": [
        {
          "schema_version": 0,
          "attributes": {
            "attachment": [],
            "description": "",
            "id": "eni-081d674c3db292b25",
            "mac_address": "12:3d:63:16:7c:4b",
            "outpost_arn": "",
            "private_dns_name": "ip-10-0-0-7.ec2.internal",
            "private_ip": "10.0.0.7",
            "private_ips": [
              "10.0.0.7"
            ],
            "private_ips_count": 0,
            "security_groups": [
              "sg-017c33fd7bf8d53e3"
            ],
            "source_dest_check": true,
            "subnet_id": "subnet-0ea9abe789ba39a73",
            "tags": {
              "Name": "STACK-EC2-PUBLIC"
            }
          },
          "private": "bnVsbA==",
          "dependencies": [
            "aws_security_group.nat",
            "aws_subnet.stack-public-subnet",
            "aws_vpc.stackvpc"
          ]
        }
      ]
    },
    {
      "mode": "managed",
      "type": "aws_route_table",
      "name": "stack-rt-private",
      "provider": "provider.aws",
      "instances": [
        {
          "schema_version": 0,
          "attributes": {
            "id": "rtb-0023e02b0ae86df9b",
            "owner_id": "449143996953",
            "propagating_vgws": [],
            "route": [
              {
                "cidr_block": "0.0.0.0/0",
                "egress_only_gateway_id": "",
                "gateway_id": "",
                "instance_id": "i-0e390a13bd95afd17",
                "ipv6_cidr_block": "",
                "local_gateway_id": "",
                "nat_gateway_id": "",
                "network_interface_id": "",
                "transit_gateway_id": "",
                "vpc_peering_connection_id": ""
              }
            ],
            "tags": {
              "Name": "Private Subnet"
            },
            "vpc_id": "vpc-05a8e1592b88acae4"
          },
          "private": "bnVsbA==",
          "dependencies": [
            "aws_instance.nat",
            "aws_key_pair.public-ec2-key",
            "aws_security_group.nat",
            "aws_subnet.stack-public-subnet",
            "aws_vpc.stackvpc"
          ]
        }
      ]
    },
    {
      "mode": "managed",
      "type": "aws_route_table",
      "name": "stack-rt-public",
      "provider": "provider.aws",
      "instances": [
        {
          "schema_version": 0,
          "attributes": {
            "id": "rtb-0cc837eb55c76c807",
            "owner_id": "449143996953",
            "propagating_vgws": [],
            "route": [
              {
                "cidr_block": "0.0.0.0/0",
                "egress_only_gateway_id": "",
                "gateway_id": "igw-0923ae284ec6bc2cc",
                "instance_id": "",
                "ipv6_cidr_block": "",
                "local_gateway_id": "",
                "nat_gateway_id": "",
                "network_interface_id": "",
                "transit_gateway_id": "",
                "vpc_peering_connection_id": ""
              }
            ],
            "tags": {
              "Name": "Public Subnet"
            },
            "vpc_id": "vpc-05a8e1592b88acae4"
          },
          "private": "bnVsbA==",
          "dependencies": [
            "aws_internet_gateway.stackigw",
            "aws_vpc.stackvpc"
          ]
        }
      ]
    },
    {
      "mode": "managed",
      "type": "aws_route_table_association",
      "name": "stack-rta-private",
      "provider": "provider.aws",
      "instances": [
        {
          "schema_version": 0,
          "attributes": {
            "gateway_id": null,
            "id": "rtbassoc-0b98f280d86c83c95",
            "route_table_id": "rtb-0023e02b0ae86df9b",
            "subnet_id": "subnet-03fa9c5107dd0d688"
          },
          "private": "bnVsbA==",
          "dependencies": [
            "aws_instance.nat",
            "aws_key_pair.public-ec2-key",
            "aws_route_table.stack-rt-private",
            "aws_security_group.nat",
            "aws_subnet.stack-private-subnet",
            "aws_subnet.stack-public-subnet",
            "aws_vpc.stackvpc"
          ]
        }
      ]
    },
    {
      "mode": "managed",
      "type": "aws_route_table_association",
      "name": "stack-rta-public",
      "provider": "provider.aws",
      "instances": [
        {
          "schema_version": 0,
          "attributes": {
            "gateway_id": null,
            "id": "rtbassoc-07a29e603a66f4c61",
            "route_table_id": "rtb-0cc837eb55c76c807",
            "subnet_id": "subnet-0ea9abe789ba39a73"
          },
          "private": "bnVsbA==",
          "dependencies": [
            "aws_internet_gateway.stackigw",
            "aws_route_table.stack-rt-public",
            "aws_subnet.stack-public-subnet",
            "aws_vpc.stackvpc"
          ]
        }
      ]
    },
    {
      "mode": "managed",
      "type": "aws_security_group",
      "name": "nat",
      "provider": "provider.aws",
      "instances": [
        {
          "schema_version": 1,
          "attributes": {
            "arn": "arn:aws:ec2:us-east-1:449143996953:security-group/sg-017c33fd7bf8d53e3",
            "description": "Allow traffic to pass from the private subnet to the internet",
            "egress": [
              {
                "cidr_blocks": [
                  "0.0.0.0/0"
                ],
                "description": "",
                "from_port": -1,
                "ipv6_cidr_blocks": [],
                "prefix_list_ids": [],
                "protocol": "icmp",
                "security_groups": [],
                "self": false,
                "to_port": -1
              },
              {
                "cidr_blocks": [
                  "0.0.0.0/0"
                ],
                "description": "",
                "from_port": 443,
                "ipv6_cidr_blocks": [],
                "prefix_list_ids": [],
                "protocol": "tcp",
                "security_groups": [],
                "self": false,
                "to_port": 443
              },
              {
                "cidr_blocks": [
                  "0.0.0.0/0"
                ],
                "description": "",
                "from_port": 80,
                "ipv6_cidr_blocks": [],
                "prefix_list_ids": [],
                "protocol": "tcp",
                "security_groups": [],
                "self": false,
                "to_port": 80
              },
              {
                "cidr_blocks": [
                  "10.0.0.0/16"
                ],
                "description": "",
                "from_port": 22,
                "ipv6_cidr_blocks": [],
                "prefix_list_ids": [],
                "protocol": "tcp",
                "security_groups": [],
                "self": false,
                "to_port": 22
              }
            ],
            "id": "sg-017c33fd7bf8d53e3",
            "ingress": [
              {
                "cidr_blocks": [
                  "0.0.0.0/0"
                ],
                "description": "",
                "from_port": -1,
                "ipv6_cidr_blocks": [],
                "prefix_list_ids": [],
                "protocol": "icmp",
                "security_groups": [],
                "self": false,
                "to_port": -1
              },
              {
                "cidr_blocks": [
                  "0.0.0.0/0"
                ],
                "description": "",
                "from_port": 22,
                "ipv6_cidr_blocks": [],
                "prefix_list_ids": [],
                "protocol": "tcp",
                "security_groups": [],
                "self": false,
                "to_port": 22
              },
              {
                "cidr_blocks": [
                  "10.0.1.0/24"
                ],
                "description": "",
                "from_port": 443,
                "ipv6_cidr_blocks": [],
                "prefix_list_ids": [],
                "protocol": "tcp",
                "security_groups": [],
                "self": false,
                "to_port": 443
              },
              {
                "cidr_blocks": [
                  "10.0.1.0/24"
                ],
                "description": "",
                "from_port": 80,
                "ipv6_cidr_blocks": [],
                "prefix_list_ids": [],
                "protocol": "tcp",
                "security_groups": [],
                "self": false,
                "to_port": 80
              }
            ],
            "name": "vpc_nat",
            "name_prefix": "",
            "owner_id": "449143996953",
            "revoke_rules_on_delete": false,
            "tags": {
              "Name": "NATSG"
            },
            "timeouts": null,
            "vpc_id": "vpc-05a8e1592b88acae4"
          },
          "private": "eyJlMmJmYjczMC1lY2FhLTExZTYtOGY4OC0zNDM2M2JjN2M0YzAiOnsiY3JlYXRlIjo2MDAwMDAwMDAwMDAsImRlbGV0ZSI6NjAwMDAwMDAwMDAwfSwic2NoZW1hX3ZlcnNpb24iOiIxIn0=",
          "dependencies": [
            "aws_vpc.stackvpc"
          ]
        }
      ]
    },
    {
      "mode": "managed",
      "type": "aws_subnet",
      "name": "stack-private-subnet",
      "provider": "provider.aws",
      "instances": [
        {
          "schema_version": 1,
          "attributes": {
            "arn": "arn:aws:ec2:us-east-1:449143996953:subnet/subnet-03fa9c5107dd0d688",
            "assign_ipv6_address_on_creation": false,
            "availability_zone": "us-east-1c",
            "availability_zone_id": "use1-az1",
            "cidr_block": "10.0.1.0/24",
            "id": "subnet-03fa9c5107dd0d688",
            "ipv6_cidr_block": "",
            "ipv6_cidr_block_association_id": "",
            "map_public_ip_on_launch": false,
            "outpost_arn": "",
            "owner_id": "449143996953",
            "tags": {
              "Name": "Private Subnet"
            },
            "timeouts": null,
            "vpc_id": "vpc-05a8e1592b88acae4"
          },
          "private": "eyJlMmJmYjczMC1lY2FhLTExZTYtOGY4OC0zNDM2M2JjN2M0YzAiOnsiY3JlYXRlIjo2MDAwMDAwMDAwMDAsImRlbGV0ZSI6MTIwMDAwMDAwMDAwMH0sInNjaGVtYV92ZXJzaW9uIjoiMSJ9",
          "dependencies": [
            "aws_vpc.stackvpc"
          ]
        }
      ]
    },
    {
      "mode": "managed",
      "type": "aws_subnet",
      "name": "stack-public-subnet",
      "provider": "provider.aws",
      "instances": [
        {
          "schema_version": 1,
          "attributes": {
            "arn": "arn:aws:ec2:us-east-1:449143996953:subnet/subnet-0ea9abe789ba39a73",
            "assign_ipv6_address_on_creation": false,
            "availability_zone": "us-east-1d",
            "availability_zone_id": "use1-az2",
            "cidr_block": "10.0.0.0/24",
            "id": "subnet-0ea9abe789ba39a73",
            "ipv6_cidr_block": "",
            "ipv6_cidr_block_association_id": "",
            "map_public_ip_on_launch": false,
            "outpost_arn": "",
            "owner_id": "449143996953",
            "tags": {
              "Name": "Public Subnet"
            },
            "timeouts": null,
            "vpc_id": "vpc-05a8e1592b88acae4"
          },
          "private": "eyJlMmJmYjczMC1lY2FhLTExZTYtOGY4OC0zNDM2M2JjN2M0YzAiOnsiY3JlYXRlIjo2MDAwMDAwMDAwMDAsImRlbGV0ZSI6MTIwMDAwMDAwMDAwMH0sInNjaGVtYV92ZXJzaW9uIjoiMSJ9",
          "dependencies": [
            "aws_vpc.stackvpc"
          ]
        }
      ]
    },
    {
      "mode": "managed",
      "type": "aws_vpc",
      "name": "stackvpc",
      "provider": "provider.aws",
      "instances": [
        {
          "schema_version": 1,
          "attributes": {
            "arn": "arn:aws:ec2:us-east-1:449143996953:vpc/vpc-05a8e1592b88acae4",
            "assign_generated_ipv6_cidr_block": false,
            "cidr_block": "10.0.0.0/16",
            "default_network_acl_id": "acl-046562a8c73787d87",
            "default_route_table_id": "rtb-01cd638ceb9e9d1f9",
            "default_security_group_id": "sg-045c75acd0c0ca22b",
            "dhcp_options_id": "dopt-e7c7549d",
            "enable_classiclink": false,
            "enable_classiclink_dns_support": false,
            "enable_dns_hostnames": true,
            "enable_dns_support": true,
            "id": "vpc-05a8e1592b88acae4",
            "instance_tenancy": "default",
            "ipv6_association_id": "",
            "ipv6_cidr_block": "",
            "main_route_table_id": "rtb-01cd638ceb9e9d1f9",
            "owner_id": "449143996953",
            "tags": {
              "Name": "TF-aws-vpc"
            }
          },
          "private": "eyJzY2hlbWFfdmVyc2lvbiI6IjEifQ=="
        }
      ]
    }
  ]
}
